Microsoft Visual Studio Solution File, Format Version 11.00
# Visual Studio 2008

Project("{E13188C0-6127-8D2D-FE7A-D5B25D6EEE8A}") = "FlashStory", "Assembly-CSharp.csproj", "{DED84107-7299-AB47-ADB6-B1AE72E0F556}"
EndProject
Global
	GlobalSection(SolutionConfigurationPlatforms) = preSolution
		Debug|Any CPU = Debug|Any CPU
		Release|Any CPU = Release|Any CPU
	EndGlobalSection
	GlobalSection(ProjectConfigurationPlatforms) = postSolution
		{DED84107-7299-AB47-ADB6-B1AE72E0F556}.Debug|Any CPU.ActiveCfg = Debug|Any CPU
		{DED84107-7299-AB47-ADB6-B1AE72E0F556}.Debug|Any CPU.Build.0 = Debug|Any CPU
		{DED84107-7299-AB47-ADB6-B1AE72E0F556}.Release|Any CPU.ActiveCfg = Release|Any CPU
		{DED84107-7299-AB47-ADB6-B1AE72E0F556}.Release|Any CPU.Build.0 = Release|Any CPU
	EndGlobalSection
	GlobalSection(SolutionProperties) = preSolution
		HideSolutionNode = FALSE
	EndGlobalSection
	GlobalSection(MonoDevelopProperties) = preSolution
		StartupItem = Assembly-CSharp.csproj
	EndGlobalSection
EndGlobal
